
Microsoft Visual Studio Solution File, Format Version 12.00
# Visual Studio Version 16
VisualStudioVersion = 16.0.28922.388
MinimumVisualStudioVersion = 10.0.40219.1
Project("{9A19103F-16F7-4668-BE54-9A1E7A4F7556}") = "cms.arragro.com", "src\cms.arragro.com\cms.arragro.com.csproj", "{8519BC1C-B6DA-4A82-80E7-F647F6451741}"
EndProject
Project("{9A19103F-16F7-4668-BE54-9A1E7A4F7556}") = "www.arragro.com", "src\www.arragro.com\www.arragro.com.csproj", "{F5B503E9-0B15-44B6-886C-76F820431EA7}"
EndProject
Project("{9A19103F-16F7-4668-BE54-9A1E7A4F7556}") = "arragro.com.ContentTypes", "src\arragro.com.ContentTypes\arragro.com.ContentTypes.csproj", "{EAE2CFBC-E036-4007-BF2B-1526E3D376AD}"
EndProject
Project("{2150E333-8FDC-42A3-9474-1A3956D46DE8}") = "build", "build", "{02645822-CCA2-43C5-8171-81D47D3676A2}"
	ProjectSection(SolutionItems) = preProject
		src\.dockerignore = src\.dockerignore
		.gitignore = .gitignore
		appveyor.yml = appveyor.yml
		build.bat = build.bat
		CMS.DockerFile = CMS.DockerFile
		docker-compose.yml = docker-compose.yml
		LICENSE = LICENSE
		README.md = README.md
		WWW.DockerFile = WWW.DockerFile
	EndProjectSection
EndProject
Project("{2150E333-8FDC-42A3-9474-1A3956D46DE8}") = "functions", "functions", "{27F18BBE-3282-4926-AF0C-EE2DBC9B2FD5}"
EndProject
Project("{FAE04EC0-301F-11D3-BF4B-00C04F79EFBC}") = "arragro_com_hostedservices", "jobs\arragro_com_hostedservices\arragro_com_hostedservices.csproj", "{CC09D9A7-93E0-4924-B9D9-554017F6E5C6}"
EndProject
Global
	GlobalSection(SolutionConfigurationPlatforms) = preSolution
		Debug|Any CPU = Debug|Any CPU
		POSTGRES|Any CPU = POSTGRES|Any CPU
		Release|Any CPU = Release|Any CPU
	EndGlobalSection
	GlobalSection(ProjectConfigurationPlatforms) = postSolution
		{8519BC1C-B6DA-4A82-80E7-F647F6451741}.Debug|Any CPU.ActiveCfg = Debug|Any CPU
		{8519BC1C-B6DA-4A82-80E7-F647F6451741}.Debug|Any CPU.Build.0 = Debug|Any CPU
		{8519BC1C-B6DA-4A82-80E7-F647F6451741}.POSTGRES|Any CPU.ActiveCfg = Release|Any CPU
		{8519BC1C-B6DA-4A82-80E7-F647F6451741}.POSTGRES|Any CPU.Build.0 = Release|Any CPU
		{8519BC1C-B6DA-4A82-80E7-F647F6451741}.Release|Any CPU.ActiveCfg = Release|Any CPU
		{8519BC1C-B6DA-4A82-80E7-F647F6451741}.Release|Any CPU.Build.0 = Release|Any CPU
		{F5B503E9-0B15-44B6-886C-76F820431EA7}.Debug|Any CPU.ActiveCfg = Debug|Any CPU
		{F5B503E9-0B15-44B6-886C-76F820431EA7}.Debug|Any CPU.Build.0 = Debug|Any CPU
		{F5B503E9-0B15-44B6-886C-76F820431EA7}.POSTGRES|Any CPU.ActiveCfg = Release|Any CPU
		{F5B503E9-0B15-44B6-886C-76F820431EA7}.POSTGRES|Any CPU.Build.0 = Release|Any CPU
		{F5B503E9-0B15-44B6-886C-76F820431EA7}.Release|Any CPU.ActiveCfg = Release|Any CPU
		{F5B503E9-0B15-44B6-886C-76F820431EA7}.Release|Any CPU.Build.0 = Release|Any CPU
		{EAE2CFBC-E036-4007-BF2B-1526E3D376AD}.Debug|Any CPU.ActiveCfg = Debug|Any CPU
		{EAE2CFBC-E036-4007-BF2B-1526E3D376AD}.Debug|Any CPU.Build.0 = Debug|Any CPU
		{EAE2CFBC-E036-4007-BF2B-1526E3D376AD}.POSTGRES|Any CPU.ActiveCfg = Release|Any CPU
		{EAE2CFBC-E036-4007-BF2B-1526E3D376AD}.POSTGRES|Any CPU.Build.0 = Release|Any CPU
		{EAE2CFBC-E036-4007-BF2B-1526E3D376AD}.Release|Any CPU.ActiveCfg = Release|Any CPU
		{EAE2CFBC-E036-4007-BF2B-1526E3D376AD}.Release|Any CPU.Build.0 = Release|Any CPU
		{CC09D9A7-93E0-4924-B9D9-554017F6E5C6}.Debug|Any CPU.ActiveCfg = Debug|Any CPU
		{CC09D9A7-93E0-4924-B9D9-554017F6E5C6}.Debug|Any CPU.Build.0 = Debug|Any CPU
		{CC09D9A7-93E0-4924-B9D9-554017F6E5C6}.POSTGRES|Any CPU.ActiveCfg = Debug|Any CPU
		{CC09D9A7-93E0-4924-B9D9-554017F6E5C6}.POSTGRES|Any CPU.Build.0 = Debug|Any CPU
		{CC09D9A7-93E0-4924-B9D9-554017F6E5C6}.Release|Any CPU.ActiveCfg = Release|Any CPU
		{CC09D9A7-93E0-4924-B9D9-554017F6E5C6}.Release|Any CPU.Build.0 = Release|Any CPU
	EndGlobalSection
	GlobalSection(SolutionProperties) = preSolution
		HideSolutionNode = FALSE
	EndGlobalSection
	GlobalSection(NestedProjects) = preSolution
		{CC09D9A7-93E0-4924-B9D9-554017F6E5C6} = {27F18BBE-3282-4926-AF0C-EE2DBC9B2FD5}
	EndGlobalSection
	GlobalSection(ExtensibilityGlobals) = postSolution
		SolutionGuid = {B4EF3DE3-03B8-4BB2-8E5D-A2B478A32140}
	EndGlobalSection
EndGlobal
