
Microsoft Visual Studio Solution File, Format Version 12.00
# Visual Studio 15
VisualStudioVersion = 15.0.27130.2036
MinimumVisualStudioVersion = 10.0.40219.1
Project("{9A19103F-16F7-4668-BE54-9A1E7A4F7556}") = "cms.arragro.com", "src\cms.arragro.com\cms.arragro.com.csproj", "{8519BC1C-B6DA-4A82-80E7-F647F6451741}"
EndProject
Project("{9A19103F-16F7-4668-BE54-9A1E7A4F7556}") = "www.arragro.com", "src\www.arragro.com\www.arragro.com.csproj", "{F5B503E9-0B15-44B6-886C-76F820431EA7}"
EndProject
Project("{9A19103F-16F7-4668-BE54-9A1E7A4F7556}") = "arragro.com.ContentTypes", "src\arragro.com.ContentTypes\arragro.com.ContentTypes.csproj", "{EAE2CFBC-E036-4007-BF2B-1526E3D376AD}"
EndProject
Project("{2150E333-8FDC-42A3-9474-1A3956D46DE8}") = "build", "build", "{02645822-CCA2-43C5-8171-81D47D3676A2}"
	ProjectSection(SolutionItems) = preProject
		src\.dockerignore = src\.dockerignore
		.gitignore = .gitignore
		appveyor.yml = appveyor.yml
		src\build.bat = src\build.bat
		src\CMS.DockerFile = src\CMS.DockerFile
		src\docker-compose.yml = src\docker-compose.yml
		LICENSE = LICENSE
		README.md = README.md
		src\WWW.DockerFile = src\WWW.DockerFile
	EndProjectSection
EndProject
Project("{2150E333-8FDC-42A3-9474-1A3956D46DE8}") = "functions", "functions", "{27F18BBE-3282-4926-AF0C-EE2DBC9B2FD5}"
EndProject
Project("{9A19103F-16F7-4668-BE54-9A1E7A4F7556}") = "arragro.com.functions", "functions\arragro.com.functions\arragro.com.functions.csproj", "{219E2185-4B66-421D-9D90-6797C41F8AC5}"
EndProject
Global
	GlobalSection(SolutionConfigurationPlatforms) = preSolution
		Debug|Any CPU = Debug|Any CPU
		POSTGRES|Any CPU = POSTGRES|Any CPU
		Release|Any CPU = Release|Any CPU
	EndGlobalSection
	GlobalSection(ProjectConfigurationPlatforms) = postSolution
		{8519BC1C-B6DA-4A82-80E7-F647F6451741}.Debug|Any CPU.ActiveCfg = Debug|Any CPU
		{8519BC1C-B6DA-4A82-80E7-F647F6451741}.Debug|Any CPU.Build.0 = Debug|Any CPU
		{8519BC1C-B6DA-4A82-80E7-F647F6451741}.POSTGRES|Any CPU.ActiveCfg = Release|Any CPU
		{8519BC1C-B6DA-4A82-80E7-F647F6451741}.POSTGRES|Any CPU.Build.0 = Release|Any CPU
		{8519BC1C-B6DA-4A82-80E7-F647F6451741}.Release|Any CPU.ActiveCfg = Release|Any CPU
		{8519BC1C-B6DA-4A82-80E7-F647F6451741}.Release|Any CPU.Build.0 = Release|Any CPU
		{F5B503E9-0B15-44B6-886C-76F820431EA7}.Debug|Any CPU.ActiveCfg = Debug|Any CPU
		{F5B503E9-0B15-44B6-886C-76F820431EA7}.Debug|Any CPU.Build.0 = Debug|Any CPU
		{F5B503E9-0B15-44B6-886C-76F820431EA7}.POSTGRES|Any CPU.ActiveCfg = Release|Any CPU
		{F5B503E9-0B15-44B6-886C-76F820431EA7}.POSTGRES|Any CPU.Build.0 = Release|Any CPU
		{F5B503E9-0B15-44B6-886C-76F820431EA7}.Release|Any CPU.ActiveCfg = Release|Any CPU
		{F5B503E9-0B15-44B6-886C-76F820431EA7}.Release|Any CPU.Build.0 = Release|Any CPU
		{EAE2CFBC-E036-4007-BF2B-1526E3D376AD}.Debug|Any CPU.ActiveCfg = Debug|Any CPU
		{EAE2CFBC-E036-4007-BF2B-1526E3D376AD}.Debug|Any CPU.Build.0 = Debug|Any CPU
		{EAE2CFBC-E036-4007-BF2B-1526E3D376AD}.POSTGRES|Any CPU.ActiveCfg = Release|Any CPU
		{EAE2CFBC-E036-4007-BF2B-1526E3D376AD}.POSTGRES|Any CPU.Build.0 = Release|Any CPU
		{EAE2CFBC-E036-4007-BF2B-1526E3D376AD}.Release|Any CPU.ActiveCfg = Release|Any CPU
		{EAE2CFBC-E036-4007-BF2B-1526E3D376AD}.Release|Any CPU.Build.0 = Release|Any CPU
		{219E2185-4B66-421D-9D90-6797C41F8AC5}.Debug|Any CPU.ActiveCfg = Debug|Any CPU
		{219E2185-4B66-421D-9D90-6797C41F8AC5}.Debug|Any CPU.Build.0 = Debug|Any CPU
		{219E2185-4B66-421D-9D90-6797C41F8AC5}.POSTGRES|Any CPU.ActiveCfg = Debug|Any CPU
		{219E2185-4B66-421D-9D90-6797C41F8AC5}.POSTGRES|Any CPU.Build.0 = Debug|Any CPU
		{219E2185-4B66-421D-9D90-6797C41F8AC5}.Release|Any CPU.ActiveCfg = Release|Any CPU
		{219E2185-4B66-421D-9D90-6797C41F8AC5}.Release|Any CPU.Build.0 = Release|Any CPU
	EndGlobalSection
	GlobalSection(SolutionProperties) = preSolution
		HideSolutionNode = FALSE
	EndGlobalSection
	GlobalSection(NestedProjects) = preSolution
		{219E2185-4B66-421D-9D90-6797C41F8AC5} = {27F18BBE-3282-4926-AF0C-EE2DBC9B2FD5}
	EndGlobalSection
	GlobalSection(ExtensibilityGlobals) = postSolution
		SolutionGuid = {B4EF3DE3-03B8-4BB2-8E5D-A2B478A32140}
	EndGlobalSection
EndGlobal
